
Microsoft Visual Studio Solution File, Format Version 12.00
# Visual Studio Version 17
VisualStudioVersion = 17.1.32414.318
MinimumVisualStudioVersion = 10.0.40219.1
Project("{9A19103F-16F7-4668-BE54-9A1E7A4F7556}") = "1.1_CreateRunWebApp", "HelloWebApp\1.1_CreateRunWebApp.csproj", "{54E64732-BFEE-4C51-8A5D-114F49EDA774}"
EndProject
Project("{9A19103F-16F7-4668-BE54-9A1E7A4F7556}") = "1.2_Конвейер обработки запроса и middleware", "Конвейер обработки запроса и middleware\1.2_Конвейер обработки запроса и middleware.csproj", "{2C9E61EB-59FB-4895-9C14-1EB8C0AD8112}"
EndProject
Project("{9A19103F-16F7-4668-BE54-9A1E7A4F7556}") = "1.3_Метод Run и определение терминального middleware", "Метод Run и определение терминального middleware\1.3_Метод Run и определение терминального middleware.csproj", "{95771DD9-0993-443F-A558-A3F1640FA3E7}"
EndProject
Project("{9A19103F-16F7-4668-BE54-9A1E7A4F7556}") = "1.4_HttpResponse(Отправка ответа)", "HttpResponse(Отправка ответа)\1.4_HttpResponse(Отправка ответа).csproj", "{84B26407-EE16-44B0-B98A-F4F321FB9067}"
EndProject
Project("{9A19103F-16F7-4668-BE54-9A1E7A4F7556}") = "1.5_HttpRequest(Получение данных запроса)", "1.5_HttpRequest(Получение данных запроса)\1.5_HttpRequest(Получение данных запроса).csproj", "{C5431338-95E1-4D61-ACE1-4DA96036F77F}"
EndProject
Project("{9A19103F-16F7-4668-BE54-9A1E7A4F7556}") = "1.6_Отправка файлов(SendFileAsync())", "Отправка файлов(SendFileAsync())\1.6_Отправка файлов(SendFileAsync()).csproj", "{96F73C65-E67E-49A0-AB49-B06B63FFAA48}"
EndProject
Project("{9A19103F-16F7-4668-BE54-9A1E7A4F7556}") = "1.7_Отправка форм(Form)", "Отправка форм( Form)\1.7_Отправка форм(Form).csproj", "{BE913446-6D94-4BA3-9C36-A7025C5A5B6B}"
EndProject
Project("{9A19103F-16F7-4668-BE54-9A1E7A4F7556}") = "1.8_Переадресация(Redirect())", "1.8_Переадресация(Redirect())\1.8_Переадресация(Redirect()).csproj", "{DCD91733-F8DF-4773-B5FD-8FDDC4E82004}"
EndProject
Project("{9A19103F-16F7-4668-BE54-9A1E7A4F7556}") = "1.9_Отправка и получение json", "1.9_Отправка и получение json\1.9_Отправка и получение json.csproj", "{AA7AC354-0C4C-408A-9CAA-A0D1EA59BF52}"
EndProject
Project("{9A19103F-16F7-4668-BE54-9A1E7A4F7556}") = "1_10_Создание простейшего API", "1.10_Создание простейшего API\1_10_Создание простейшего API.csproj", "{73CF9B86-4B70-445F-81F5-EF2B5DAF39BC}"
EndProject
Project("{9A19103F-16F7-4668-BE54-9A1E7A4F7556}") = "1_11_Загрузка файлов на сервер(IFormFile)", "1_11_Загрузка файлов на сервер(IFormFile)\1_11_Загрузка файлов на сервер(IFormFile).csproj", "{FB0A5BF7-A667-4B12-9F38-4E53E8F5E774}"
EndProject
Project("{9A19103F-16F7-4668-BE54-9A1E7A4F7556}") = "1_12_Метод расширения Use()", "Метод расширения Use()\1_12_Метод расширения Use().csproj", "{AAD376D5-6ABB-482F-8BA7-FB44DBBC25A2}"
EndProject
Project("{9A19103F-16F7-4668-BE54-9A1E7A4F7556}") = "1_13_Создание ветки конвейера. UseWhen и MapWhen", "1_13_Создание ветки конвейера. UseWhen и MapWhen\1_13_Создание ветки конвейера. UseWhen и MapWhen.csproj", "{A92B95E1-9269-4CDB-B224-4443C92D4BD8}"
EndProject
Project("{9A19103F-16F7-4668-BE54-9A1E7A4F7556}") = "1_14_Метод Map()", "1_14_Метод Map()\1_14_Метод Map().csproj", "{2C6A9DAA-B801-4E17-83D3-92E5D5CE5BB4}"
EndProject
Project("{9A19103F-16F7-4668-BE54-9A1E7A4F7556}") = "1_15_Классы middleware", "1_15_Классы middleware\1_15_Классы middleware.csproj", "{560E1BED-0DA8-4DA9-9FEE-AEB70316F936}"
EndProject
Project("{9A19103F-16F7-4668-BE54-9A1E7A4F7556}") = "1_16_Построение конвейера обработки запроса", "1_16_Построение конвейера обработки запроса\1_16_Построение конвейера обработки запроса.csproj", "{47ECA52B-C6D3-491C-B56F-71AAF4B4C865}"
EndProject
Project("{9A19103F-16F7-4668-BE54-9A1E7A4F7556}") = "1_17_IWebHostEnvironment и окружение", "1_17_IWebHostEnvironment и окружение\1_17_IWebHostEnvironment и окружение.csproj", "{8D013D46-65FB-4FA4-9E1F-309C9918F1AD}"
EndProject
Project("{FAE04EC0-301F-11D3-BF4B-00C04F79EFBC}") = "2.1_Dependency Injection (Внедрение зависимостей и IServiceCollection)", "2.1_Dependency Injection (Внедрение зависимостей и IServiceCollection)\2.1_Dependency Injection (Внедрение зависимостей и IServiceCollection).csproj", "{FA58FD11-3BE3-4C69-8BF1-3D43921083A3}"
EndProject
Global
	GlobalSection(SolutionConfigurationPlatforms) = preSolution
		Debug|Any CPU = Debug|Any CPU
		Release|Any CPU = Release|Any CPU
	EndGlobalSection
	GlobalSection(ProjectConfigurationPlatforms) = postSolution
		{54E64732-BFEE-4C51-8A5D-114F49EDA774}.Debug|Any CPU.ActiveCfg = Debug|Any CPU
		{54E64732-BFEE-4C51-8A5D-114F49EDA774}.Debug|Any CPU.Build.0 = Debug|Any CPU
		{54E64732-BFEE-4C51-8A5D-114F49EDA774}.Release|Any CPU.ActiveCfg = Release|Any CPU
		{54E64732-BFEE-4C51-8A5D-114F49EDA774}.Release|Any CPU.Build.0 = Release|Any CPU
		{2C9E61EB-59FB-4895-9C14-1EB8C0AD8112}.Debug|Any CPU.ActiveCfg = Debug|Any CPU
		{2C9E61EB-59FB-4895-9C14-1EB8C0AD8112}.Debug|Any CPU.Build.0 = Debug|Any CPU
		{2C9E61EB-59FB-4895-9C14-1EB8C0AD8112}.Release|Any CPU.ActiveCfg = Release|Any CPU
		{2C9E61EB-59FB-4895-9C14-1EB8C0AD8112}.Release|Any CPU.Build.0 = Release|Any CPU
		{95771DD9-0993-443F-A558-A3F1640FA3E7}.Debug|Any CPU.ActiveCfg = Debug|Any CPU
		{95771DD9-0993-443F-A558-A3F1640FA3E7}.Debug|Any CPU.Build.0 = Debug|Any CPU
		{95771DD9-0993-443F-A558-A3F1640FA3E7}.Release|Any CPU.ActiveCfg = Release|Any CPU
		{95771DD9-0993-443F-A558-A3F1640FA3E7}.Release|Any CPU.Build.0 = Release|Any CPU
		{84B26407-EE16-44B0-B98A-F4F321FB9067}.Debug|Any CPU.ActiveCfg = Debug|Any CPU
		{84B26407-EE16-44B0-B98A-F4F321FB9067}.Debug|Any CPU.Build.0 = Debug|Any CPU
		{84B26407-EE16-44B0-B98A-F4F321FB9067}.Release|Any CPU.ActiveCfg = Release|Any CPU
		{84B26407-EE16-44B0-B98A-F4F321FB9067}.Release|Any CPU.Build.0 = Release|Any CPU
		{C5431338-95E1-4D61-ACE1-4DA96036F77F}.Debug|Any CPU.ActiveCfg = Debug|Any CPU
		{C5431338-95E1-4D61-ACE1-4DA96036F77F}.Debug|Any CPU.Build.0 = Debug|Any CPU
		{C5431338-95E1-4D61-ACE1-4DA96036F77F}.Release|Any CPU.ActiveCfg = Release|Any CPU
		{C5431338-95E1-4D61-ACE1-4DA96036F77F}.Release|Any CPU.Build.0 = Release|Any CPU
		{96F73C65-E67E-49A0-AB49-B06B63FFAA48}.Debug|Any CPU.ActiveCfg = Debug|Any CPU
		{96F73C65-E67E-49A0-AB49-B06B63FFAA48}.Debug|Any CPU.Build.0 = Debug|Any CPU
		{96F73C65-E67E-49A0-AB49-B06B63FFAA48}.Release|Any CPU.ActiveCfg = Release|Any CPU
		{96F73C65-E67E-49A0-AB49-B06B63FFAA48}.Release|Any CPU.Build.0 = Release|Any CPU
		{BE913446-6D94-4BA3-9C36-A7025C5A5B6B}.Debug|Any CPU.ActiveCfg = Debug|Any CPU
		{BE913446-6D94-4BA3-9C36-A7025C5A5B6B}.Debug|Any CPU.Build.0 = Debug|Any CPU
		{BE913446-6D94-4BA3-9C36-A7025C5A5B6B}.Release|Any CPU.ActiveCfg = Release|Any CPU
		{BE913446-6D94-4BA3-9C36-A7025C5A5B6B}.Release|Any CPU.Build.0 = Release|Any CPU
		{DCD91733-F8DF-4773-B5FD-8FDDC4E82004}.Debug|Any CPU.ActiveCfg = Debug|Any CPU
		{DCD91733-F8DF-4773-B5FD-8FDDC4E82004}.Debug|Any CPU.Build.0 = Debug|Any CPU
		{DCD91733-F8DF-4773-B5FD-8FDDC4E82004}.Release|Any CPU.ActiveCfg = Release|Any CPU
		{DCD91733-F8DF-4773-B5FD-8FDDC4E82004}.Release|Any CPU.Build.0 = Release|Any CPU
		{AA7AC354-0C4C-408A-9CAA-A0D1EA59BF52}.Debug|Any CPU.ActiveCfg = Debug|Any CPU
		{AA7AC354-0C4C-408A-9CAA-A0D1EA59BF52}.Debug|Any CPU.Build.0 = Debug|Any CPU
		{AA7AC354-0C4C-408A-9CAA-A0D1EA59BF52}.Release|Any CPU.ActiveCfg = Release|Any CPU
		{AA7AC354-0C4C-408A-9CAA-A0D1EA59BF52}.Release|Any CPU.Build.0 = Release|Any CPU
		{73CF9B86-4B70-445F-81F5-EF2B5DAF39BC}.Debug|Any CPU.ActiveCfg = Debug|Any CPU
		{73CF9B86-4B70-445F-81F5-EF2B5DAF39BC}.Debug|Any CPU.Build.0 = Debug|Any CPU
		{73CF9B86-4B70-445F-81F5-EF2B5DAF39BC}.Release|Any CPU.ActiveCfg = Release|Any CPU
		{73CF9B86-4B70-445F-81F5-EF2B5DAF39BC}.Release|Any CPU.Build.0 = Release|Any CPU
		{FB0A5BF7-A667-4B12-9F38-4E53E8F5E774}.Debug|Any CPU.ActiveCfg = Debug|Any CPU
		{FB0A5BF7-A667-4B12-9F38-4E53E8F5E774}.Debug|Any CPU.Build.0 = Debug|Any CPU
		{FB0A5BF7-A667-4B12-9F38-4E53E8F5E774}.Release|Any CPU.ActiveCfg = Release|Any CPU
		{FB0A5BF7-A667-4B12-9F38-4E53E8F5E774}.Release|Any CPU.Build.0 = Release|Any CPU
		{AAD376D5-6ABB-482F-8BA7-FB44DBBC25A2}.Debug|Any CPU.ActiveCfg = Debug|Any CPU
		{AAD376D5-6ABB-482F-8BA7-FB44DBBC25A2}.Debug|Any CPU.Build.0 = Debug|Any CPU
		{AAD376D5-6ABB-482F-8BA7-FB44DBBC25A2}.Release|Any CPU.ActiveCfg = Release|Any CPU
		{AAD376D5-6ABB-482F-8BA7-FB44DBBC25A2}.Release|Any CPU.Build.0 = Release|Any CPU
		{A92B95E1-9269-4CDB-B224-4443C92D4BD8}.Debug|Any CPU.ActiveCfg = Debug|Any CPU
		{A92B95E1-9269-4CDB-B224-4443C92D4BD8}.Debug|Any CPU.Build.0 = Debug|Any CPU
		{A92B95E1-9269-4CDB-B224-4443C92D4BD8}.Release|Any CPU.ActiveCfg = Release|Any CPU
		{A92B95E1-9269-4CDB-B224-4443C92D4BD8}.Release|Any CPU.Build.0 = Release|Any CPU
		{2C6A9DAA-B801-4E17-83D3-92E5D5CE5BB4}.Debug|Any CPU.ActiveCfg = Debug|Any CPU
		{2C6A9DAA-B801-4E17-83D3-92E5D5CE5BB4}.Debug|Any CPU.Build.0 = Debug|Any CPU
		{2C6A9DAA-B801-4E17-83D3-92E5D5CE5BB4}.Release|Any CPU.ActiveCfg = Release|Any CPU
		{2C6A9DAA-B801-4E17-83D3-92E5D5CE5BB4}.Release|Any CPU.Build.0 = Release|Any CPU
		{560E1BED-0DA8-4DA9-9FEE-AEB70316F936}.Debug|Any CPU.ActiveCfg = Debug|Any CPU
		{560E1BED-0DA8-4DA9-9FEE-AEB70316F936}.Debug|Any CPU.Build.0 = Debug|Any CPU
		{560E1BED-0DA8-4DA9-9FEE-AEB70316F936}.Release|Any CPU.ActiveCfg = Release|Any CPU
		{560E1BED-0DA8-4DA9-9FEE-AEB70316F936}.Release|Any CPU.Build.0 = Release|Any CPU
		{47ECA52B-C6D3-491C-B56F-71AAF4B4C865}.Debug|Any CPU.ActiveCfg = Debug|Any CPU
		{47ECA52B-C6D3-491C-B56F-71AAF4B4C865}.Debug|Any CPU.Build.0 = Debug|Any CPU
		{47ECA52B-C6D3-491C-B56F-71AAF4B4C865}.Release|Any CPU.ActiveCfg = Release|Any CPU
		{47ECA52B-C6D3-491C-B56F-71AAF4B4C865}.Release|Any CPU.Build.0 = Release|Any CPU
		{8D013D46-65FB-4FA4-9E1F-309C9918F1AD}.Debug|Any CPU.ActiveCfg = Debug|Any CPU
		{8D013D46-65FB-4FA4-9E1F-309C9918F1AD}.Debug|Any CPU.Build.0 = Debug|Any CPU
		{8D013D46-65FB-4FA4-9E1F-309C9918F1AD}.Release|Any CPU.ActiveCfg = Release|Any CPU
		{8D013D46-65FB-4FA4-9E1F-309C9918F1AD}.Release|Any CPU.Build.0 = Release|Any CPU
		{FA58FD11-3BE3-4C69-8BF1-3D43921083A3}.Debug|Any CPU.ActiveCfg = Debug|Any CPU
		{FA58FD11-3BE3-4C69-8BF1-3D43921083A3}.Debug|Any CPU.Build.0 = Debug|Any CPU
		{FA58FD11-3BE3-4C69-8BF1-3D43921083A3}.Release|Any CPU.ActiveCfg = Release|Any CPU
		{FA58FD11-3BE3-4C69-8BF1-3D43921083A3}.Release|Any CPU.Build.0 = Release|Any CPU
	EndGlobalSection
	GlobalSection(SolutionProperties) = preSolution
		HideSolutionNode = FALSE
	EndGlobalSection
	GlobalSection(ExtensibilityGlobals) = postSolution
		SolutionGuid = {A34265F5-E6FD-4144-9CAB-1EE0857DD520}
	EndGlobalSection
EndGlobal
